
Microsoft Visual Studio Solution File, Format Version 12.00
# Visual Studio Version 17
VisualStudioVersion = 17.10.34607.79
MinimumVisualStudioVersion = 10.0.40219.1
Project("{2150E333-8FDC-42A3-9474-1A3956D46DE8}") = "src", "src", "{A3C35B02-7726-4DB1-B85B-C4E6ABE563BA}"
EndProject
Project("{2150E333-8FDC-42A3-9474-1A3956D46DE8}") = "tests", "tests", "{7C52629F-4E33-413C-AEEE-00C186A4DE27}"
EndProject
Project("{2150E333-8FDC-42A3-9474-1A3956D46DE8}") = "core", "core", "{4C665EC2-0BAD-4E97-B70D-018731D6AC43}"
EndProject
Project("{2150E333-8FDC-42A3-9474-1A3956D46DE8}") = "cross-cutting", "cross-cutting", "{49F8B3AF-72D4-4F72-AC6E-7E4B1CBB433F}"
EndProject
Project("{2150E333-8FDC-42A3-9474-1A3956D46DE8}") = "presentation", "presentation", "{C13F3BD5-AF95-4E90-B76C-A3C691AC4A0E}"
EndProject
Project("{9A19103F-16F7-4668-BE54-9A1E7A4F7556}") = "Application", "Application\Application.csproj", "{9B705BAF-FB36-4F23-BA55-8566D3E94B00}"
EndProject
Project("{9A19103F-16F7-4668-BE54-9A1E7A4F7556}") = "Domain", "Domain\Domain.csproj", "{4A4DF625-A586-4800-A60E-0B6902406B3B}"
EndProject
Project("{9A19103F-16F7-4668-BE54-9A1E7A4F7556}") = "Infrastructure", "Infrastructure\Infrastructure.csproj", "{922D22C7-287B-471C-8165-B20AB469FC00}"
EndProject
Project("{9A19103F-16F7-4668-BE54-9A1E7A4F7556}") = "Presistence", "Presistence\Presistence.csproj", "{CFA92FFD-2261-48DA-956B-E55A6C3EDA56}"
EndProject
Project("{9A19103F-16F7-4668-BE54-9A1E7A4F7556}") = "API", "API\API.csproj", "{ECC73FDE-5F6B-4763-BFD0-A02E0A8881A6}"
	ProjectSection(ProjectDependencies) = postProject
		{4A4DF625-A586-4800-A60E-0B6902406B3B} = {4A4DF625-A586-4800-A60E-0B6902406B3B}
		{922D22C7-287B-471C-8165-B20AB469FC00} = {922D22C7-287B-471C-8165-B20AB469FC00}
		{9B705BAF-FB36-4F23-BA55-8566D3E94B00} = {9B705BAF-FB36-4F23-BA55-8566D3E94B00}
		{CFA92FFD-2261-48DA-956B-E55A6C3EDA56} = {CFA92FFD-2261-48DA-956B-E55A6C3EDA56}
	EndProjectSection
EndProject
Global
	GlobalSection(SolutionConfigurationPlatforms) = preSolution
		Debug|Any CPU = Debug|Any CPU
		Release|Any CPU = Release|Any CPU
	EndGlobalSection
	GlobalSection(ProjectConfigurationPlatforms) = postSolution
		{9B705BAF-FB36-4F23-BA55-8566D3E94B00}.Debug|Any CPU.ActiveCfg = Debug|Any CPU
		{9B705BAF-FB36-4F23-BA55-8566D3E94B00}.Debug|Any CPU.Build.0 = Debug|Any CPU
		{9B705BAF-FB36-4F23-BA55-8566D3E94B00}.Release|Any CPU.ActiveCfg = Release|Any CPU
		{9B705BAF-FB36-4F23-BA55-8566D3E94B00}.Release|Any CPU.Build.0 = Release|Any CPU
		{4A4DF625-A586-4800-A60E-0B6902406B3B}.Debug|Any CPU.ActiveCfg = Debug|Any CPU
		{4A4DF625-A586-4800-A60E-0B6902406B3B}.Debug|Any CPU.Build.0 = Debug|Any CPU
		{4A4DF625-A586-4800-A60E-0B6902406B3B}.Release|Any CPU.ActiveCfg = Release|Any CPU
		{4A4DF625-A586-4800-A60E-0B6902406B3B}.Release|Any CPU.Build.0 = Release|Any CPU
		{922D22C7-287B-471C-8165-B20AB469FC00}.Debug|Any CPU.ActiveCfg = Debug|Any CPU
		{922D22C7-287B-471C-8165-B20AB469FC00}.Debug|Any CPU.Build.0 = Debug|Any CPU
		{922D22C7-287B-471C-8165-B20AB469FC00}.Release|Any CPU.ActiveCfg = Release|Any CPU
		{922D22C7-287B-471C-8165-B20AB469FC00}.Release|Any CPU.Build.0 = Release|Any CPU
		{CFA92FFD-2261-48DA-956B-E55A6C3EDA56}.Debug|Any CPU.ActiveCfg = Debug|Any CPU
		{CFA92FFD-2261-48DA-956B-E55A6C3EDA56}.Debug|Any CPU.Build.0 = Debug|Any CPU
		{CFA92FFD-2261-48DA-956B-E55A6C3EDA56}.Release|Any CPU.ActiveCfg = Release|Any CPU
		{CFA92FFD-2261-48DA-956B-E55A6C3EDA56}.Release|Any CPU.Build.0 = Release|Any CPU
		{ECC73FDE-5F6B-4763-BFD0-A02E0A8881A6}.Debug|Any CPU.ActiveCfg = Debug|Any CPU
		{ECC73FDE-5F6B-4763-BFD0-A02E0A8881A6}.Debug|Any CPU.Build.0 = Debug|Any CPU
		{ECC73FDE-5F6B-4763-BFD0-A02E0A8881A6}.Release|Any CPU.ActiveCfg = Release|Any CPU
		{ECC73FDE-5F6B-4763-BFD0-A02E0A8881A6}.Release|Any CPU.Build.0 = Release|Any CPU
	EndGlobalSection
	GlobalSection(SolutionProperties) = preSolution
		HideSolutionNode = FALSE
	EndGlobalSection
	GlobalSection(NestedProjects) = preSolution
		{4C665EC2-0BAD-4E97-B70D-018731D6AC43} = {A3C35B02-7726-4DB1-B85B-C4E6ABE563BA}
		{49F8B3AF-72D4-4F72-AC6E-7E4B1CBB433F} = {A3C35B02-7726-4DB1-B85B-C4E6ABE563BA}
		{C13F3BD5-AF95-4E90-B76C-A3C691AC4A0E} = {A3C35B02-7726-4DB1-B85B-C4E6ABE563BA}
		{9B705BAF-FB36-4F23-BA55-8566D3E94B00} = {4C665EC2-0BAD-4E97-B70D-018731D6AC43}
		{4A4DF625-A586-4800-A60E-0B6902406B3B} = {4C665EC2-0BAD-4E97-B70D-018731D6AC43}
		{922D22C7-287B-471C-8165-B20AB469FC00} = {4C665EC2-0BAD-4E97-B70D-018731D6AC43}
		{CFA92FFD-2261-48DA-956B-E55A6C3EDA56} = {4C665EC2-0BAD-4E97-B70D-018731D6AC43}
		{ECC73FDE-5F6B-4763-BFD0-A02E0A8881A6} = {C13F3BD5-AF95-4E90-B76C-A3C691AC4A0E}
	EndGlobalSection
	GlobalSection(ExtensibilityGlobals) = postSolution
		SolutionGuid = {C4584B0E-F3AA-461E-AE79-1DFABFE0769B}
	EndGlobalSection
EndGlobal
